
Microsoft Visual Studio Solution File, Format Version 12.00
# Visual Studio Version 16
VisualStudioVersion = 16.0.30907.101
MinimumVisualStudioVersion = 10.0.40219.1
Project("{FAE04EC0-301F-11D3-BF4B-00C04F79EFBC}") = "BuildingForms", "BuildingForms\BuildingForms.csproj", "{6C950148-3A19-4C66-8FB2-A85A66E3B67A}"
EndProject
Global
	GlobalSection(SolutionConfigurationPlatforms) = preSolution
		Debug|Any CPU = Debug|Any CPU
		Release|Any CPU = Release|Any CPU
	EndGlobalSection
	GlobalSection(ProjectConfigurationPlatforms) = postSolution
		{6C950148-3A19-4C66-8FB2-A85A66E3B67A}.Debug|Any CPU.ActiveCfg = Debug|Any CPU
		{6C950148-3A19-4C66-8FB2-A85A66E3B67A}.Debug|Any CPU.Build.0 = Debug|Any CPU
		{6C950148-3A19-4C66-8FB2-A85A66E3B67A}.Release|Any CPU.ActiveCfg = Release|Any CPU
		{6C950148-3A19-4C66-8FB2-A85A66E3B67A}.Release|Any CPU.Build.0 = Release|Any CPU
	EndGlobalSection
	GlobalSection(SolutionProperties) = preSolution
		HideSolutionNode = FALSE
	EndGlobalSection
	GlobalSection(ExtensibilityGlobals) = postSolution
		SolutionGuid = {D58B97A5-4CD5-4C32-9395-AC9097B4DC88}
	EndGlobalSection
EndGlobal
